
Microsoft Visual Studio Solution File, Format Version 12.00
# Visual Studio 15
VisualStudioVersion = 15.0.28010.2036
MinimumVisualStudioVersion = 10.0.40219.1
Project("{FAE04EC0-301F-11D3-BF4B-00C04F79EFBC}") = "vue-admin-webapi", "vue-admin-webapi\vue-admin-webapi.csproj", "{0E1E2FBD-C53F-49C8-8547-D2AFBA0751F3}"
EndProject
Project("{FAE04EC0-301F-11D3-BF4B-00C04F79EFBC}") = "Admin.Common", "Admin.Common\Admin.Common.csproj", "{5EB8E09B-5330-470A-97AD-B3994D33BB2F}"
EndProject
Project("{FAE04EC0-301F-11D3-BF4B-00C04F79EFBC}") = "Admin.Model", "Admin.Model\Admin.Model.csproj", "{C4ED53CA-E2BE-432C-94EF-6FEA99A10AB3}"
EndProject
Project("{FAE04EC0-301F-11D3-BF4B-00C04F79EFBC}") = "Admin.BizData", "Admin.BizData\Admin.BizData.csproj", "{110954CE-C275-4A4C-B574-09ABB46223EC}"
EndProject
Global
	GlobalSection(SolutionConfigurationPlatforms) = preSolution
		Debug|Any CPU = Debug|Any CPU
		Release|Any CPU = Release|Any CPU
	EndGlobalSection
	GlobalSection(ProjectConfigurationPlatforms) = postSolution
		{0E1E2FBD-C53F-49C8-8547-D2AFBA0751F3}.Debug|Any CPU.ActiveCfg = Debug|Any CPU
		{0E1E2FBD-C53F-49C8-8547-D2AFBA0751F3}.Debug|Any CPU.Build.0 = Debug|Any CPU
		{0E1E2FBD-C53F-49C8-8547-D2AFBA0751F3}.Release|Any CPU.ActiveCfg = Release|Any CPU
		{0E1E2FBD-C53F-49C8-8547-D2AFBA0751F3}.Release|Any CPU.Build.0 = Release|Any CPU
		{5EB8E09B-5330-470A-97AD-B3994D33BB2F}.Debug|Any CPU.ActiveCfg = Debug|Any CPU
		{5EB8E09B-5330-470A-97AD-B3994D33BB2F}.Debug|Any CPU.Build.0 = Debug|Any CPU
		{5EB8E09B-5330-470A-97AD-B3994D33BB2F}.Release|Any CPU.ActiveCfg = Release|Any CPU
		{5EB8E09B-5330-470A-97AD-B3994D33BB2F}.Release|Any CPU.Build.0 = Release|Any CPU
		{C4ED53CA-E2BE-432C-94EF-6FEA99A10AB3}.Debug|Any CPU.ActiveCfg = Debug|Any CPU
		{C4ED53CA-E2BE-432C-94EF-6FEA99A10AB3}.Debug|Any CPU.Build.0 = Debug|Any CPU
		{C4ED53CA-E2BE-432C-94EF-6FEA99A10AB3}.Release|Any CPU.ActiveCfg = Release|Any CPU
		{C4ED53CA-E2BE-432C-94EF-6FEA99A10AB3}.Release|Any CPU.Build.0 = Release|Any CPU
		{110954CE-C275-4A4C-B574-09ABB46223EC}.Debug|Any CPU.ActiveCfg = Debug|Any CPU
		{110954CE-C275-4A4C-B574-09ABB46223EC}.Debug|Any CPU.Build.0 = Debug|Any CPU
		{110954CE-C275-4A4C-B574-09ABB46223EC}.Release|Any CPU.ActiveCfg = Release|Any CPU
		{110954CE-C275-4A4C-B574-09ABB46223EC}.Release|Any CPU.Build.0 = Release|Any CPU
	EndGlobalSection
	GlobalSection(SolutionProperties) = preSolution
		HideSolutionNode = FALSE
	EndGlobalSection
	GlobalSection(ExtensibilityGlobals) = postSolution
		SolutionGuid = {9FFA3AAC-64F8-49C0-9544-CCB556C81692}
	EndGlobalSection
EndGlobal
